
Microsoft Visual Studio Solution File, Format Version 12.00
# Visual Studio Version 17
VisualStudioVersion = 17.5.33103.201
MinimumVisualStudioVersion = 10.0.40219.1
Project("{FAE04EC0-301F-11D3-BF4B-00C04F79EFBC}") = "MovieRecommender", "MovieRecommender.csproj", "{35CD9249-4F95-4DF8-A21D-2695726BCCB6}"
EndProject
Global
	GlobalSection(SolutionConfigurationPlatforms) = preSolution
		Debug|Any CPU = Debug|Any CPU
		Release|Any CPU = Release|Any CPU
	EndGlobalSection
	GlobalSection(ProjectConfigurationPlatforms) = postSolution
		{35CD9249-4F95-4DF8-A21D-2695726BCCB6}.Debug|Any CPU.ActiveCfg = Debug|Any CPU
		{35CD9249-4F95-4DF8-A21D-2695726BCCB6}.Debug|Any CPU.Build.0 = Debug|Any CPU
		{35CD9249-4F95-4DF8-A21D-2695726BCCB6}.Release|Any CPU.ActiveCfg = Release|Any CPU
		{35CD9249-4F95-4DF8-A21D-2695726BCCB6}.Release|Any CPU.Build.0 = Release|Any CPU
	EndGlobalSection
	GlobalSection(SolutionProperties) = preSolution
		HideSolutionNode = FALSE
	EndGlobalSection
	GlobalSection(ExtensibilityGlobals) = postSolution
		SolutionGuid = {E2DFF253-CC3C-4F7A-A9A8-2C68525DA018}
	EndGlobalSection
EndGlobal
